
Microsoft Visual Studio Solution File, Format Version 12.00
# Visual Studio 15
VisualStudioVersion = 15.0.27703.2026
MinimumVisualStudioVersion = 10.0.40219.1
Project("{FAE04EC0-301F-11D3-BF4B-00C04F79EFBC}") = "ConanNuGetApp", "ConanNuGetApp\ConanNuGetApp.csproj", "{C3C689E9-D111-45E7-89E1-2E59E90406BC}"
EndProject
Global
	GlobalSection(SolutionConfigurationPlatforms) = preSolution
		Debug|Any CPU = Debug|Any CPU
		Release|Any CPU = Release|Any CPU
	EndGlobalSection
	GlobalSection(ProjectConfigurationPlatforms) = postSolution
		{C3C689E9-D111-45E7-89E1-2E59E90406BC}.Debug|Any CPU.ActiveCfg = Debug|Any CPU
		{C3C689E9-D111-45E7-89E1-2E59E90406BC}.Debug|Any CPU.Build.0 = Debug|Any CPU
		{C3C689E9-D111-45E7-89E1-2E59E90406BC}.Release|Any CPU.ActiveCfg = Release|Any CPU
		{C3C689E9-D111-45E7-89E1-2E59E90406BC}.Release|Any CPU.Build.0 = Release|Any CPU
	EndGlobalSection
	GlobalSection(SolutionProperties) = preSolution
		HideSolutionNode = FALSE
	EndGlobalSection
	GlobalSection(ExtensibilityGlobals) = postSolution
		SolutionGuid = {9C486B6A-2323-47F1-85A2-4A22940DD37C}
	EndGlobalSection
EndGlobal
